
Microsoft Visual Studio Solution File, Format Version 12.00
# Visual Studio Version 16
VisualStudioVersion = 16.0.31613.86
MinimumVisualStudioVersion = 10.0.40219.1
Project("{9A19103F-16F7-4668-BE54-9A1E7A4F7556}") = "AddressBook.Hexagon", "AddressBook.Hexagon\AddressBook.Hexagon.csproj", "{5CCFD174-640A-4CFF-A7DD-EB5E25B47C58}"
EndProject
Project("{9A19103F-16F7-4668-BE54-9A1E7A4F7556}") = "AddressBook.Hexagon.Tests", "AddressBook.Hexagon.Tests\AddressBook.Hexagon.Tests.csproj", "{F4B89B0C-2CBB-47C2-B047-C3FCE77F6792}"
EndProject
Project("{9A19103F-16F7-4668-BE54-9A1E7A4F7556}") = "AddressBookCLI", "AddressBookCLI\AddressBookCLI.csproj", "{2D9ADD3A-2AAB-44D2-B7DD-C97FB694E69E}"
EndProject
Project("{9A19103F-16F7-4668-BE54-9A1E7A4F7556}") = "AddressBook.Framework.Console", "AddressBook.Framework.Console\AddressBook.Framework.Console.csproj", "{5431CEEA-A7CE-43ED-9A65-5F187D798AD9}"
EndProject
Project("{9A19103F-16F7-4668-BE54-9A1E7A4F7556}") = "AddressBook.Framework.Console.Tests", "AddressBook.Framework.Console.Tests\AddressBook.Framework.Console.Tests.csproj", "{5A09F6A5-96EC-4AD8-A2F9-91A4CDE0A521}"
EndProject
Project("{9A19103F-16F7-4668-BE54-9A1E7A4F7556}") = "AddressBook.WebApi", "AddressBook.WebApi\AddressBook.WebApi.csproj", "{4A477CFE-AB24-47A2-B016-F6E5E72220BB}"
EndProject
Project("{9A19103F-16F7-4668-BE54-9A1E7A4F7556}") = "AddressBook.WebApi.Tests", "AddressBook.WebApi.Test\AddressBook.WebApi.Tests.csproj", "{2505ED48-1B2F-4321-91E6-5A2AF5320E27}"
EndProject
Project("{9A19103F-16F7-4668-BE54-9A1E7A4F7556}") = "AddressBook.Infrastructure.File", "AddressBook.Infrastructure.File\AddressBook.Infrastructure.File.csproj", "{78A7241F-0BAB-4F7E-A74E-C57B736B07C3}"
EndProject
Project("{9A19103F-16F7-4668-BE54-9A1E7A4F7556}") = "AddressBook.Infrastructure.File.Tests", "AddressBook.Infrastructure.File.Tests\AddressBook.Infrastructure.File.Tests.csproj", "{C5E2C871-4739-4122-93CF-FF7E47C9D869}"
EndProject
Project("{9A19103F-16F7-4668-BE54-9A1E7A4F7556}") = "AddressBook.Web.Razor", "AddressBook.Web.RazorPages\AddressBook.Web.Razor.csproj", "{D03DB713-FF52-4F41-BB25-4F0D5A266EDF}"
EndProject
Project("{2150E333-8FDC-42A3-9474-1A3956D46DE8}") = "Info", "Info", "{327BA713-B5C0-40A9-BF41-D285F2DEF979}"
	ProjectSection(SolutionItems) = preProject
		AddressBook.md = AddressBook.md
	EndProjectSection
EndProject
Global
	GlobalSection(SolutionConfigurationPlatforms) = preSolution
		Debug|Any CPU = Debug|Any CPU
		Release|Any CPU = Release|Any CPU
	EndGlobalSection
	GlobalSection(ProjectConfigurationPlatforms) = postSolution
		{5CCFD174-640A-4CFF-A7DD-EB5E25B47C58}.Debug|Any CPU.ActiveCfg = Debug|Any CPU
		{5CCFD174-640A-4CFF-A7DD-EB5E25B47C58}.Debug|Any CPU.Build.0 = Debug|Any CPU
		{5CCFD174-640A-4CFF-A7DD-EB5E25B47C58}.Release|Any CPU.ActiveCfg = Release|Any CPU
		{5CCFD174-640A-4CFF-A7DD-EB5E25B47C58}.Release|Any CPU.Build.0 = Release|Any CPU
		{F4B89B0C-2CBB-47C2-B047-C3FCE77F6792}.Debug|Any CPU.ActiveCfg = Debug|Any CPU
		{F4B89B0C-2CBB-47C2-B047-C3FCE77F6792}.Debug|Any CPU.Build.0 = Debug|Any CPU
		{F4B89B0C-2CBB-47C2-B047-C3FCE77F6792}.Release|Any CPU.ActiveCfg = Release|Any CPU
		{F4B89B0C-2CBB-47C2-B047-C3FCE77F6792}.Release|Any CPU.Build.0 = Release|Any CPU
		{2D9ADD3A-2AAB-44D2-B7DD-C97FB694E69E}.Debug|Any CPU.ActiveCfg = Debug|Any CPU
		{2D9ADD3A-2AAB-44D2-B7DD-C97FB694E69E}.Debug|Any CPU.Build.0 = Debug|Any CPU
		{2D9ADD3A-2AAB-44D2-B7DD-C97FB694E69E}.Release|Any CPU.ActiveCfg = Release|Any CPU
		{2D9ADD3A-2AAB-44D2-B7DD-C97FB694E69E}.Release|Any CPU.Build.0 = Release|Any CPU
		{5431CEEA-A7CE-43ED-9A65-5F187D798AD9}.Debug|Any CPU.ActiveCfg = Debug|Any CPU
		{5431CEEA-A7CE-43ED-9A65-5F187D798AD9}.Debug|Any CPU.Build.0 = Debug|Any CPU
		{5431CEEA-A7CE-43ED-9A65-5F187D798AD9}.Release|Any CPU.ActiveCfg = Release|Any CPU
		{5431CEEA-A7CE-43ED-9A65-5F187D798AD9}.Release|Any CPU.Build.0 = Release|Any CPU
		{5A09F6A5-96EC-4AD8-A2F9-91A4CDE0A521}.Debug|Any CPU.ActiveCfg = Debug|Any CPU
		{5A09F6A5-96EC-4AD8-A2F9-91A4CDE0A521}.Debug|Any CPU.Build.0 = Debug|Any CPU
		{5A09F6A5-96EC-4AD8-A2F9-91A4CDE0A521}.Release|Any CPU.ActiveCfg = Release|Any CPU
		{5A09F6A5-96EC-4AD8-A2F9-91A4CDE0A521}.Release|Any CPU.Build.0 = Release|Any CPU
		{4A477CFE-AB24-47A2-B016-F6E5E72220BB}.Debug|Any CPU.ActiveCfg = Debug|Any CPU
		{4A477CFE-AB24-47A2-B016-F6E5E72220BB}.Debug|Any CPU.Build.0 = Debug|Any CPU
		{4A477CFE-AB24-47A2-B016-F6E5E72220BB}.Release|Any CPU.ActiveCfg = Release|Any CPU
		{4A477CFE-AB24-47A2-B016-F6E5E72220BB}.Release|Any CPU.Build.0 = Release|Any CPU
		{2505ED48-1B2F-4321-91E6-5A2AF5320E27}.Debug|Any CPU.ActiveCfg = Debug|Any CPU
		{2505ED48-1B2F-4321-91E6-5A2AF5320E27}.Debug|Any CPU.Build.0 = Debug|Any CPU
		{2505ED48-1B2F-4321-91E6-5A2AF5320E27}.Release|Any CPU.ActiveCfg = Release|Any CPU
		{2505ED48-1B2F-4321-91E6-5A2AF5320E27}.Release|Any CPU.Build.0 = Release|Any CPU
		{78A7241F-0BAB-4F7E-A74E-C57B736B07C3}.Debug|Any CPU.ActiveCfg = Debug|Any CPU
		{78A7241F-0BAB-4F7E-A74E-C57B736B07C3}.Debug|Any CPU.Build.0 = Debug|Any CPU
		{78A7241F-0BAB-4F7E-A74E-C57B736B07C3}.Release|Any CPU.ActiveCfg = Release|Any CPU
		{78A7241F-0BAB-4F7E-A74E-C57B736B07C3}.Release|Any CPU.Build.0 = Release|Any CPU
		{C5E2C871-4739-4122-93CF-FF7E47C9D869}.Debug|Any CPU.ActiveCfg = Debug|Any CPU
		{C5E2C871-4739-4122-93CF-FF7E47C9D869}.Debug|Any CPU.Build.0 = Debug|Any CPU
		{C5E2C871-4739-4122-93CF-FF7E47C9D869}.Release|Any CPU.ActiveCfg = Release|Any CPU
		{C5E2C871-4739-4122-93CF-FF7E47C9D869}.Release|Any CPU.Build.0 = Release|Any CPU
		{D03DB713-FF52-4F41-BB25-4F0D5A266EDF}.Debug|Any CPU.ActiveCfg = Debug|Any CPU
		{D03DB713-FF52-4F41-BB25-4F0D5A266EDF}.Debug|Any CPU.Build.0 = Debug|Any CPU
		{D03DB713-FF52-4F41-BB25-4F0D5A266EDF}.Release|Any CPU.ActiveCfg = Release|Any CPU
		{D03DB713-FF52-4F41-BB25-4F0D5A266EDF}.Release|Any CPU.Build.0 = Release|Any CPU
	EndGlobalSection
	GlobalSection(SolutionProperties) = preSolution
		HideSolutionNode = FALSE
	EndGlobalSection
	GlobalSection(ExtensibilityGlobals) = postSolution
		SolutionGuid = {80566AC0-2A24-411D-B2F6-D760440F5868}
	EndGlobalSection
EndGlobal
