
Microsoft Visual Studio Solution File, Format Version 12.00
# Visual Studio Version 16
VisualStudioVersion = 16.0.31613.86
MinimumVisualStudioVersion = 10.0.40219.1
Project("{9A19103F-16F7-4668-BE54-9A1E7A4F7556}") = "UseCaseTests", "UseCaseTests\UseCaseTests.csproj", "{1FDC858B-603B-4940-A378-18A25CD19A11}"
EndProject
Project("{9A19103F-16F7-4668-BE54-9A1E7A4F7556}") = "AdressBook.UI", "AdressBook.UI\AdressBook.UI.csproj", "{A6117D07-3F05-4168-A663-ACC383E346D9}"
EndProject
Project("{9A19103F-16F7-4668-BE54-9A1E7A4F7556}") = "AddressBook.Business", "AddressBook.Business\AddressBook.Business.csproj", "{4A2A8E57-FB72-4FA1-912E-257076A1EEBB}"
EndProject
Project("{9A19103F-16F7-4668-BE54-9A1E7A4F7556}") = "AddressBook.Data", "AddressBook.Data\AddressBook.Data.csproj", "{CEA9BB79-DFBA-44DE-B11B-1BBAAF4211DF}"
EndProject
Project("{9A19103F-16F7-4668-BE54-9A1E7A4F7556}") = "AddressBook.Business.Tests", "AddressBook.Business.Tests\AddressBook.Business.Tests.csproj", "{05858B49-3C89-40D2-89D8-83D218CE78AD}"
EndProject
Project("{FAE04EC0-301F-11D3-BF4B-00C04F79EFBC}") = "UseCasesTestConsole", "UseCasesTestConsole\UseCasesTestConsole.csproj", "{EC6597EB-4D49-4F18-BDA5-E9DB300A5B1E}"
EndProject
Global
	GlobalSection(SolutionConfigurationPlatforms) = preSolution
		Debug|Any CPU = Debug|Any CPU
		Release|Any CPU = Release|Any CPU
	EndGlobalSection
	GlobalSection(ProjectConfigurationPlatforms) = postSolution
		{1FDC858B-603B-4940-A378-18A25CD19A11}.Debug|Any CPU.ActiveCfg = Debug|Any CPU
		{1FDC858B-603B-4940-A378-18A25CD19A11}.Debug|Any CPU.Build.0 = Debug|Any CPU
		{1FDC858B-603B-4940-A378-18A25CD19A11}.Release|Any CPU.ActiveCfg = Release|Any CPU
		{1FDC858B-603B-4940-A378-18A25CD19A11}.Release|Any CPU.Build.0 = Release|Any CPU
		{A6117D07-3F05-4168-A663-ACC383E346D9}.Debug|Any CPU.ActiveCfg = Debug|Any CPU
		{A6117D07-3F05-4168-A663-ACC383E346D9}.Debug|Any CPU.Build.0 = Debug|Any CPU
		{A6117D07-3F05-4168-A663-ACC383E346D9}.Release|Any CPU.ActiveCfg = Release|Any CPU
		{A6117D07-3F05-4168-A663-ACC383E346D9}.Release|Any CPU.Build.0 = Release|Any CPU
		{4A2A8E57-FB72-4FA1-912E-257076A1EEBB}.Debug|Any CPU.ActiveCfg = Debug|Any CPU
		{4A2A8E57-FB72-4FA1-912E-257076A1EEBB}.Debug|Any CPU.Build.0 = Debug|Any CPU
		{4A2A8E57-FB72-4FA1-912E-257076A1EEBB}.Release|Any CPU.ActiveCfg = Release|Any CPU
		{4A2A8E57-FB72-4FA1-912E-257076A1EEBB}.Release|Any CPU.Build.0 = Release|Any CPU
		{CEA9BB79-DFBA-44DE-B11B-1BBAAF4211DF}.Debug|Any CPU.ActiveCfg = Debug|Any CPU
		{CEA9BB79-DFBA-44DE-B11B-1BBAAF4211DF}.Debug|Any CPU.Build.0 = Debug|Any CPU
		{CEA9BB79-DFBA-44DE-B11B-1BBAAF4211DF}.Release|Any CPU.ActiveCfg = Release|Any CPU
		{CEA9BB79-DFBA-44DE-B11B-1BBAAF4211DF}.Release|Any CPU.Build.0 = Release|Any CPU
		{05858B49-3C89-40D2-89D8-83D218CE78AD}.Debug|Any CPU.ActiveCfg = Debug|Any CPU
		{05858B49-3C89-40D2-89D8-83D218CE78AD}.Debug|Any CPU.Build.0 = Debug|Any CPU
		{05858B49-3C89-40D2-89D8-83D218CE78AD}.Release|Any CPU.ActiveCfg = Release|Any CPU
		{05858B49-3C89-40D2-89D8-83D218CE78AD}.Release|Any CPU.Build.0 = Release|Any CPU
		{EC6597EB-4D49-4F18-BDA5-E9DB300A5B1E}.Debug|Any CPU.ActiveCfg = Debug|Any CPU
		{EC6597EB-4D49-4F18-BDA5-E9DB300A5B1E}.Debug|Any CPU.Build.0 = Debug|Any CPU
		{EC6597EB-4D49-4F18-BDA5-E9DB300A5B1E}.Release|Any CPU.ActiveCfg = Release|Any CPU
		{EC6597EB-4D49-4F18-BDA5-E9DB300A5B1E}.Release|Any CPU.Build.0 = Release|Any CPU
	EndGlobalSection
	GlobalSection(SolutionProperties) = preSolution
		HideSolutionNode = FALSE
	EndGlobalSection
	GlobalSection(ExtensibilityGlobals) = postSolution
		SolutionGuid = {80566AC0-2A24-411D-B2F6-D760440F5868}
	EndGlobalSection
EndGlobal
