
Microsoft Visual Studio Solution File, Format Version 12.00
# Visual Studio Version 16
VisualStudioVersion = 16.0.31613.86
MinimumVisualStudioVersion = 10.0.40219.1
Project("{FAE04EC0-301F-11D3-BF4B-00C04F79EFBC}") = "UseCaseTests", "UseCaseTests\UseCaseTests.csproj", "{1FDC858B-603B-4940-A378-18A25CD19A11}"
EndProject
Project("{FAE04EC0-301F-11D3-BF4B-00C04F79EFBC}") = "AddressBookLib", "AddressBookLib\AddressBookLib.csproj", "{E1C0C527-8676-464F-B7C3-A20CF2E0865B}"
EndProject
Global
	GlobalSection(SolutionConfigurationPlatforms) = preSolution
		Debug|Any CPU = Debug|Any CPU
		Release|Any CPU = Release|Any CPU
	EndGlobalSection
	GlobalSection(ProjectConfigurationPlatforms) = postSolution
		{1FDC858B-603B-4940-A378-18A25CD19A11}.Debug|Any CPU.ActiveCfg = Debug|Any CPU
		{1FDC858B-603B-4940-A378-18A25CD19A11}.Debug|Any CPU.Build.0 = Debug|Any CPU
		{1FDC858B-603B-4940-A378-18A25CD19A11}.Release|Any CPU.ActiveCfg = Release|Any CPU
		{1FDC858B-603B-4940-A378-18A25CD19A11}.Release|Any CPU.Build.0 = Release|Any CPU
		{E1C0C527-8676-464F-B7C3-A20CF2E0865B}.Debug|Any CPU.ActiveCfg = Debug|Any CPU
		{E1C0C527-8676-464F-B7C3-A20CF2E0865B}.Debug|Any CPU.Build.0 = Debug|Any CPU
		{E1C0C527-8676-464F-B7C3-A20CF2E0865B}.Release|Any CPU.ActiveCfg = Release|Any CPU
		{E1C0C527-8676-464F-B7C3-A20CF2E0865B}.Release|Any CPU.Build.0 = Release|Any CPU
	EndGlobalSection
	GlobalSection(SolutionProperties) = preSolution
		HideSolutionNode = FALSE
	EndGlobalSection
	GlobalSection(ExtensibilityGlobals) = postSolution
		SolutionGuid = {80566AC0-2A24-411D-B2F6-D760440F5868}
	EndGlobalSection
EndGlobal
